// !$*UTF8*$!
{
	archiveVersion = 1;
	classes = {
	};
	objectVersion = 56;
	objects = {

/* Begin PBXBuildFile section */
		8503E8AF29462880007B67C9 /* price_kbtu_2022_2023.pdf in Resources */ = {isa = PBXBuildFile; fileRef = 8503E8AE29462880007B67C9 /* price_kbtu_2022_2023.pdf */; };
		851D59D0294F304100E1CD74 /* SecondFloorVC.swift in Sources */ = {isa = PBXBuildFile; fileRef = 851D59CF294F304100E1CD74 /* SecondFloorVC.swift */; };
		851D59D2294F304A00E1CD74 /* ThirdFloorVC.swift in Sources */ = {isa = PBXBuildFile; fileRef = 851D59D1294F304A00E1CD74 /* ThirdFloorVC.swift */; };
		851D59D4294F305400E1CD74 /* FourthFloorVC.swift in Sources */ = {isa = PBXBuildFile; fileRef = 851D59D3294F305400E1CD74 /* FourthFloorVC.swift */; };
		851D59D6294F305D00E1CD74 /* FifthFloorVC.swift in Sources */ = {isa = PBXBuildFile; fileRef = 851D59D5294F305D00E1CD74 /* FifthFloorVC.swift */; };
		85392F77294A010F0084156E /* GetGrantVC.swift in Sources */ = {isa = PBXBuildFile; fileRef = 85392F76294A010F0084156E /* GetGrantVC.swift */; };
		85392F79294A018E0084156E /* GetGrantInfo.swift in Sources */ = {isa = PBXBuildFile; fileRef = 85392F78294A018E0084156E /* GetGrantInfo.swift */; };
		85392F7B294A06B20084156E /* GetPaymentInfo.swift in Sources */ = {isa = PBXBuildFile; fileRef = 85392F7A294A06B20084156E /* GetPaymentInfo.swift */; };
		85392F7D294A07E90084156E /* GetPayment.swift in Sources */ = {isa = PBXBuildFile; fileRef = 85392F7C294A07E80084156E /* GetPayment.swift */; };
		854720A5293A2CC100616DA2 /* RawNews.swift in Sources */ = {isa = PBXBuildFile; fileRef = 854720A4293A2CC100616DA2 /* RawNews.swift */; };
		854720A7293A312D00616DA2 /* Teachers.swift in Sources */ = {isa = PBXBuildFile; fileRef = 854720A6293A312D00616DA2 /* Teachers.swift */; };
		854720A9293A315E00616DA2 /* Faculties.swift in Sources */ = {isa = PBXBuildFile; fileRef = 854720A8293A315E00616DA2 /* Faculties.swift */; };
		854720AC293E280800616DA2 /* NewsCell.swift in Sources */ = {isa = PBXBuildFile; fileRef = 854720AA293E280800616DA2 /* NewsCell.swift */; };
		854720AD293E280800616DA2 /* NewsCell.xib in Resources */ = {isa = PBXBuildFile; fileRef = 854720AB293E280800616DA2 /* NewsCell.xib */; };
		854720B5293E3C6A00616DA2 /* HomeViewController.swift in Sources */ = {isa = PBXBuildFile; fileRef = 854720B4293E3C6A00616DA2 /* HomeViewController.swift */; };
		854720B82941469D00616DA2 /* FacultiesViewController.swift in Sources */ = {isa = PBXBuildFile; fileRef = 854720B72941469D00616DA2 /* FacultiesViewController.swift */; };
		854AE698294A0EDC00C7A3C0 /* Info.swift in Sources */ = {isa = PBXBuildFile; fileRef = 854AE697294A0EDC00C7A3C0 /* Info.swift */; };
		854AE69A294A0FB500C7A3C0 /* InfoVC.swift in Sources */ = {isa = PBXBuildFile; fileRef = 854AE699294A0FB500C7A3C0 /* InfoVC.swift */; };
		854AE69C294A128400C7A3C0 /* DMISVC.swift in Sources */ = {isa = PBXBuildFile; fileRef = 854AE69B294A128400C7A3C0 /* DMISVC.swift */; };
		854AE69E294A14FA00C7A3C0 /* BachelourPrograms.swift in Sources */ = {isa = PBXBuildFile; fileRef = 854AE69D294A14FA00C7A3C0 /* BachelourPrograms.swift */; };
		854AE6A0294A175500C7A3C0 /* DocumentsListVC.swift in Sources */ = {isa = PBXBuildFile; fileRef = 854AE69F294A175500C7A3C0 /* DocumentsListVC.swift */; };
		854AE6A2294A17C900C7A3C0 /* DocumentsList.swift in Sources */ = {isa = PBXBuildFile; fileRef = 854AE6A1294A17C900C7A3C0 /* DocumentsList.swift */; };
		854AE6A4294A1B4200C7A3C0 /* OplataVC.swift in Sources */ = {isa = PBXBuildFile; fileRef = 854AE6A3294A1B4200C7A3C0 /* OplataVC.swift */; };
		854AE6A6294A1D9B00C7A3C0 /* HomeBankVideoVC.swift in Sources */ = {isa = PBXBuildFile; fileRef = 854AE6A5294A1D9B00C7A3C0 /* HomeBankVideoVC.swift */; };
		854AE6AA294F03F300C7A3C0 /* PerezachetVC.swift in Sources */ = {isa = PBXBuildFile; fileRef = 854AE6A9294F03F300C7A3C0 /* PerezachetVC.swift */; };
		854AE6AC294F052B00C7A3C0 /* pam_per_kbtu_5.pdf in Resources */ = {isa = PBXBuildFile; fileRef = 854AE6AB294F052B00C7A3C0 /* pam_per_kbtu_5.pdf */; };
		854AE6AE294F069A00C7A3C0 /* PerezachetInfoVC.swift in Sources */ = {isa = PBXBuildFile; fileRef = 854AE6AD294F069A00C7A3C0 /* PerezachetInfoVC.swift */; };
		854AE6B0294F07A000C7A3C0 /* KeletInfoVC.swift in Sources */ = {isa = PBXBuildFile; fileRef = 854AE6AF294F07A000C7A3C0 /* KeletInfoVC.swift */; };
		854AE6B2294F090600C7A3C0 /* KeletVC.swift in Sources */ = {isa = PBXBuildFile; fileRef = 854AE6B1294F090600C7A3C0 /* KeletVC.swift */; };
		854AE6B4294F187500C7A3C0 /* MapsList.swift in Sources */ = {isa = PBXBuildFile; fileRef = 854AE6B3294F187500C7A3C0 /* MapsList.swift */; };
		854AE6B6294F1A2B00C7A3C0 /* Maps.swift in Sources */ = {isa = PBXBuildFile; fileRef = 854AE6B5294F1A2B00C7A3C0 /* Maps.swift */; };
		854AE6B8294F1CB500C7A3C0 /* FirstFloorVC.swift in Sources */ = {isa = PBXBuildFile; fileRef = 854AE6B7294F1CB500C7A3C0 /* FirstFloorVC.swift */; };
		856F1C882936440F00082F73 /* AppDelegate.swift in Sources */ = {isa = PBXBuildFile; fileRef = 856F1C872936440F00082F73 /* AppDelegate.swift */; };
		856F1C8A2936440F00082F73 /* SceneDelegate.swift in Sources */ = {isa = PBXBuildFile; fileRef = 856F1C892936440F00082F73 /* SceneDelegate.swift */; };
		856F1C8F2936440F00082F73 /* Main.storyboard in Resources */ = {isa = PBXBuildFile; fileRef = 856F1C8D2936440F00082F73 /* Main.storyboard */; };
		856F1C912936441000082F73 /* Assets.xcassets in Resources */ = {isa = PBXBuildFile; fileRef = 856F1C902936441000082F73 /* Assets.xcassets */; };
		856F1C942936441000082F73 /* LaunchScreen.storyboard in Resources */ = {isa = PBXBuildFile; fileRef = 856F1C922936441000082F73 /* LaunchScreen.storyboard */; };
		8574B19829416C9000BCB424 /* MapVC.swift in Sources */ = {isa = PBXBuildFile; fileRef = 8574B19729416C9000BCB424 /* MapVC.swift */; };
		8574B19A294208A200BCB424 /* PricePDF.swift in Sources */ = {isa = PBXBuildFile; fileRef = 8574B199294208A200BCB424 /* PricePDF.swift */; };
		85A8994429476EB500718A0F /* TestVC.swift in Sources */ = {isa = PBXBuildFile; fileRef = 85A8994329476EB500718A0F /* TestVC.swift */; };
		85BF9C8E29414D7700E7CFA9 /* FacultyDetailsVC.swift in Sources */ = {isa = PBXBuildFile; fileRef = 85BF9C8D29414D7700E7CFA9 /* FacultyDetailsVC.swift */; };
		85DCDAC429466D7E00945E71 /* CollectionTableViewCell.swift in Sources */ = {isa = PBXBuildFile; fileRef = 85DCDAC229466D7E00945E71 /* CollectionTableViewCell.swift */; };
		85DCDAC529466D7E00945E71 /* CollectionTableViewCell.xib in Resources */ = {isa = PBXBuildFile; fileRef = 85DCDAC329466D7E00945E71 /* CollectionTableViewCell.xib */; };
		85DCDAC829466DA000945E71 /* MyCollectionViewCell.swift in Sources */ = {isa = PBXBuildFile; fileRef = 85DCDAC629466DA000945E71 /* MyCollectionViewCell.swift */; };
		85DCDAC929466DA000945E71 /* MyCollectionViewCell.xib in Resources */ = {isa = PBXBuildFile; fileRef = 85DCDAC729466DA000945E71 /* MyCollectionViewCell.xib */; };
		85DCDACB29470C4800945E71 /* TeachersVC.swift in Sources */ = {isa = PBXBuildFile; fileRef = 85DCDACA29470C4800945E71 /* TeachersVC.swift */; };
		85DCDACD29475EA300945E71 /* MainVC.swift in Sources */ = {isa = PBXBuildFile; fileRef = 85DCDACC29475EA300945E71 /* MainVC.swift */; };
		85F4CD13296AF52D00A2D7EF /* HomeBankScreen.png in Resources */ = {isa = PBXBuildFile; fileRef = 85F4CD12296AF52D00A2D7EF /* HomeBankScreen.png */; };
		85F4CD15296B006B00A2D7EF /* KaspiVideo.swift in Sources */ = {isa = PBXBuildFile; fileRef = 85F4CD14296B006B00A2D7EF /* KaspiVideo.swift */; };
		85F4CD18296C370D00A2D7EF /* Homebank.mp4 in Resources */ = {isa = PBXBuildFile; fileRef = 85F4CD16296C370C00A2D7EF /* Homebank.mp4 */; };
		85F4CD19296C370D00A2D7EF /* Kaspi.kz.MP4 in Resources */ = {isa = PBXBuildFile; fileRef = 85F4CD17296C370D00A2D7EF /* Kaspi.kz.MP4 */; };
		85F4CD1B296C3AC000A2D7EF /* HomeBankVideo.swift in Sources */ = {isa = PBXBuildFile; fileRef = 85F4CD1A296C3AC000A2D7EF /* HomeBankVideo.swift */; };
		85F4CD1D296C3C0F00A2D7EF /* KaspiScreen.png in Resources */ = {isa = PBXBuildFile; fileRef = 85F4CD1C296C3C0F00A2D7EF /* KaspiScreen.png */; };
/* End PBXBuildFile section */

/* Begin PBXFileReference section */
		8503E8AE29462880007B67C9 /* price_kbtu_2022_2023.pdf */ = {isa = PBXFileReference; lastKnownFileType = image.pdf; path = price_kbtu_2022_2023.pdf; sourceTree = "<group>"; };
		851D59CF294F304100E1CD74 /* SecondFloorVC.swift */ = {isa = PBXFileReference; lastKnownFileType = sourcecode.swift; path = SecondFloorVC.swift; sourceTree = "<group>"; };
		851D59D1294F304A00E1CD74 /* ThirdFloorVC.swift */ = {isa = PBXFileReference; lastKnownFileType = sourcecode.swift; path = ThirdFloorVC.swift; sourceTree = "<group>"; };
		851D59D3294F305400E1CD74 /* FourthFloorVC.swift */ = {isa = PBXFileReference; lastKnownFileType = sourcecode.swift; path = FourthFloorVC.swift; sourceTree = "<group>"; };
		851D59D5294F305D00E1CD74 /* FifthFloorVC.swift */ = {isa = PBXFileReference; lastKnownFileType = sourcecode.swift; path = FifthFloorVC.swift; sourceTree = "<group>"; };
		85392F76294A010F0084156E /* GetGrantVC.swift */ = {isa = PBXFileReference; lastKnownFileType = sourcecode.swift; path = GetGrantVC.swift; sourceTree = "<group>"; };
		85392F78294A018E0084156E /* GetGrantInfo.swift */ = {isa = PBXFileReference; lastKnownFileType = sourcecode.swift; path = GetGrantInfo.swift; sourceTree = "<group>"; };
		85392F7A294A06B20084156E /* GetPaymentInfo.swift */ = {isa = PBXFileReference; lastKnownFileType = sourcecode.swift; path = GetPaymentInfo.swift; sourceTree = "<group>"; };
		85392F7C294A07E80084156E /* GetPayment.swift */ = {isa = PBXFileReference; lastKnownFileType = sourcecode.swift; path = GetPayment.swift; sourceTree = "<group>"; };
		854720A4293A2CC100616DA2 /* RawNews.swift */ = {isa = PBXFileReference; lastKnownFileType = sourcecode.swift; path = RawNews.swift; sourceTree = "<group>"; };
		854720A6293A312D00616DA2 /* Teachers.swift */ = {isa = PBXFileReference; lastKnownFileType = sourcecode.swift; path = Teachers.swift; sourceTree = "<group>"; };
		854720A8293A315E00616DA2 /* Faculties.swift */ = {isa = PBXFileReference; lastKnownFileType = sourcecode.swift; path = Faculties.swift; sourceTree = "<group>"; };
		854720AA293E280800616DA2 /* NewsCell.swift */ = {isa = PBXFileReference; lastKnownFileType = sourcecode.swift; path = NewsCell.swift; sourceTree = "<group>"; };
		854720AB293E280800616DA2 /* NewsCell.xib */ = {isa = PBXFileReference; lastKnownFileType = file.xib; path = NewsCell.xib; sourceTree = "<group>"; };
		854720B4293E3C6A00616DA2 /* HomeViewController.swift */ = {isa = PBXFileReference; lastKnownFileType = sourcecode.swift; path = HomeViewController.swift; sourceTree = "<group>"; };
		854720B72941469D00616DA2 /* FacultiesViewController.swift */ = {isa = PBXFileReference; lastKnownFileType = sourcecode.swift; path = FacultiesViewController.swift; sourceTree = "<group>"; };
		854AE697294A0EDC00C7A3C0 /* Info.swift */ = {isa = PBXFileReference; lastKnownFileType = sourcecode.swift; path = Info.swift; sourceTree = "<group>"; };
		854AE699294A0FB500C7A3C0 /* InfoVC.swift */ = {isa = PBXFileReference; lastKnownFileType = sourcecode.swift; path = InfoVC.swift; sourceTree = "<group>"; };
		854AE69B294A128400C7A3C0 /* DMISVC.swift */ = {isa = PBXFileReference; lastKnownFileType = sourcecode.swift; path = DMISVC.swift; sourceTree = "<group>"; };
		854AE69D294A14FA00C7A3C0 /* BachelourPrograms.swift */ = {isa = PBXFileReference; lastKnownFileType = sourcecode.swift; path = BachelourPrograms.swift; sourceTree = "<group>"; };
		854AE69F294A175500C7A3C0 /* DocumentsListVC.swift */ = {isa = PBXFileReference; lastKnownFileType = sourcecode.swift; path = DocumentsListVC.swift; sourceTree = "<group>"; };
		854AE6A1294A17C900C7A3C0 /* DocumentsList.swift */ = {isa = PBXFileReference; lastKnownFileType = sourcecode.swift; path = DocumentsList.swift; sourceTree = "<group>"; };
		854AE6A3294A1B4200C7A3C0 /* OplataVC.swift */ = {isa = PBXFileReference; lastKnownFileType = sourcecode.swift; path = OplataVC.swift; sourceTree = "<group>"; };
		854AE6A5294A1D9B00C7A3C0 /* HomeBankVideoVC.swift */ = {isa = PBXFileReference; lastKnownFileType = sourcecode.swift; path = HomeBankVideoVC.swift; sourceTree = "<group>"; };
		854AE6A9294F03F300C7A3C0 /* PerezachetVC.swift */ = {isa = PBXFileReference; lastKnownFileType = sourcecode.swift; path = PerezachetVC.swift; sourceTree = "<group>"; };
		854AE6AB294F052B00C7A3C0 /* pam_per_kbtu_5.pdf */ = {isa = PBXFileReference; lastKnownFileType = image.pdf; path = pam_per_kbtu_5.pdf; sourceTree = "<group>"; };
		854AE6AD294F069A00C7A3C0 /* PerezachetInfoVC.swift */ = {isa = PBXFileReference; lastKnownFileType = sourcecode.swift; path = PerezachetInfoVC.swift; sourceTree = "<group>"; };
		854AE6AF294F07A000C7A3C0 /* KeletInfoVC.swift */ = {isa = PBXFileReference; lastKnownFileType = sourcecode.swift; path = KeletInfoVC.swift; sourceTree = "<group>"; };
		854AE6B1294F090600C7A3C0 /* KeletVC.swift */ = {isa = PBXFileReference; lastKnownFileType = sourcecode.swift; path = KeletVC.swift; sourceTree = "<group>"; };
		854AE6B3294F187500C7A3C0 /* MapsList.swift */ = {isa = PBXFileReference; lastKnownFileType = sourcecode.swift; path = MapsList.swift; sourceTree = "<group>"; };
		854AE6B5294F1A2B00C7A3C0 /* Maps.swift */ = {isa = PBXFileReference; lastKnownFileType = sourcecode.swift; path = Maps.swift; sourceTree = "<group>"; };
		854AE6B7294F1CB500C7A3C0 /* FirstFloorVC.swift */ = {isa = PBXFileReference; lastKnownFileType = sourcecode.swift; path = FirstFloorVC.swift; sourceTree = "<group>"; };
		856F1C842936440F00082F73 /* KBTUDiplomaApp.app */ = {isa = PBXFileReference; explicitFileType = wrapper.application; includeInIndex = 0; path = KBTUDiplomaApp.app; sourceTree = BUILT_PRODUCTS_DIR; };
		856F1C872936440F00082F73 /* AppDelegate.swift */ = {isa = PBXFileReference; lastKnownFileType = sourcecode.swift; path = AppDelegate.swift; sourceTree = "<group>"; };
		856F1C892936440F00082F73 /* SceneDelegate.swift */ = {isa = PBXFileReference; lastKnownFileType = sourcecode.swift; path = SceneDelegate.swift; sourceTree = "<group>"; };
		856F1C8E2936440F00082F73 /* Base */ = {isa = PBXFileReference; lastKnownFileType = file.storyboard; name = Base; path = Base.lproj/Main.storyboard; sourceTree = "<group>"; };
		856F1C902936441000082F73 /* Assets.xcassets */ = {isa = PBXFileReference; lastKnownFileType = folder.assetcatalog; path = Assets.xcassets; sourceTree = "<group>"; };
		856F1C932936441000082F73 /* Base */ = {isa = PBXFileReference; lastKnownFileType = file.storyboard; name = Base; path = Base.lproj/LaunchScreen.storyboard; sourceTree = "<group>"; };
		856F1C952936441000082F73 /* Info.plist */ = {isa = PBXFileReference; lastKnownFileType = text.plist.xml; path = Info.plist; sourceTree = "<group>"; };
		8574B19729416C9000BCB424 /* MapVC.swift */ = {isa = PBXFileReference; lastKnownFileType = sourcecode.swift; path = MapVC.swift; sourceTree = "<group>"; };
		8574B199294208A200BCB424 /* PricePDF.swift */ = {isa = PBXFileReference; lastKnownFileType = sourcecode.swift; path = PricePDF.swift; sourceTree = "<group>"; };
		85A8994329476EB500718A0F /* TestVC.swift */ = {isa = PBXFileReference; lastKnownFileType = sourcecode.swift; path = TestVC.swift; sourceTree = "<group>"; };
		85BF9C8D29414D7700E7CFA9 /* FacultyDetailsVC.swift */ = {isa = PBXFileReference; lastKnownFileType = sourcecode.swift; path = FacultyDetailsVC.swift; sourceTree = "<group>"; };
		85DCDAC229466D7E00945E71 /* CollectionTableViewCell.swift */ = {isa = PBXFileReference; lastKnownFileType = sourcecode.swift; path = CollectionTableViewCell.swift; sourceTree = "<group>"; };
		85DCDAC329466D7E00945E71 /* CollectionTableViewCell.xib */ = {isa = PBXFileReference; lastKnownFileType = file.xib; path = CollectionTableViewCell.xib; sourceTree = "<group>"; };
		85DCDAC629466DA000945E71 /* MyCollectionViewCell.swift */ = {isa = PBXFileReference; lastKnownFileType = sourcecode.swift; path = MyCollectionViewCell.swift; sourceTree = "<group>"; };
		85DCDAC729466DA000945E71 /* MyCollectionViewCell.xib */ = {isa = PBXFileReference; lastKnownFileType = file.xib; path = MyCollectionViewCell.xib; sourceTree = "<group>"; };
		85DCDACA29470C4800945E71 /* TeachersVC.swift */ = {isa = PBXFileReference; lastKnownFileType = sourcecode.swift; path = TeachersVC.swift; sourceTree = "<group>"; };
		85DCDACC29475EA300945E71 /* MainVC.swift */ = {isa = PBXFileReference; lastKnownFileType = sourcecode.swift; path = MainVC.swift; sourceTree = "<group>"; };
		85F4CD12296AF52D00A2D7EF /* HomeBankScreen.png */ = {isa = PBXFileReference; lastKnownFileType = image.png; path = HomeBankScreen.png; sourceTree = "<group>"; };
		85F4CD14296B006B00A2D7EF /* KaspiVideo.swift */ = {isa = PBXFileReference; lastKnownFileType = sourcecode.swift; path = KaspiVideo.swift; sourceTree = "<group>"; };
		85F4CD16296C370C00A2D7EF /* Homebank.mp4 */ = {isa = PBXFileReference; lastKnownFileType = file; path = Homebank.mp4; sourceTree = "<group>"; };
		85F4CD17296C370D00A2D7EF /* Kaspi.kz.MP4 */ = {isa = PBXFileReference; lastKnownFileType = file; path = Kaspi.kz.MP4; sourceTree = "<group>"; };
		85F4CD1A296C3AC000A2D7EF /* HomeBankVideo.swift */ = {isa = PBXFileReference; lastKnownFileType = sourcecode.swift; path = HomeBankVideo.swift; sourceTree = "<group>"; };
		85F4CD1C296C3C0F00A2D7EF /* KaspiScreen.png */ = {isa = PBXFileReference; lastKnownFileType = image.png; path = KaspiScreen.png; sourceTree = "<group>"; };
/* End PBXFileReference section */

/* Begin PBXFrameworksBuildPhase section */
		856F1C812936440F00082F73 /* Frameworks */ = {
			isa = PBXFrameworksBuildPhase;
			buildActionMask = 2147483647;
			files = (
			);
			runOnlyForDeploymentPostprocessing = 0;
		};
/* End PBXFrameworksBuildPhase section */

/* Begin PBXGroup section */
		856F1C7B2936440F00082F73 = {
			isa = PBXGroup;
			children = (
				85F4CD16296C370C00A2D7EF /* Homebank.mp4 */,
				85F4CD17296C370D00A2D7EF /* Kaspi.kz.MP4 */,
				856F1C862936440F00082F73 /* KBTUDiplomaApp */,
				856F1C852936440F00082F73 /* Products */,
			);
			sourceTree = "<group>";
		};
		856F1C852936440F00082F73 /* Products */ = {
			isa = PBXGroup;
			children = (
				856F1C842936440F00082F73 /* KBTUDiplomaApp.app */,
			);
			name = Products;
			sourceTree = "<group>";
		};
		856F1C862936440F00082F73 /* KBTUDiplomaApp */ = {
			isa = PBXGroup;
			children = (
				85DCDAC129466D3D00945E71 /* Collection Cell */,
				85DCDAC029466D3200945E71 /* Table Cell */,
				856F1C9B293A04F700082F73 /* Model */,
				856F1C9C293A050200082F73 /* Views */,
				856F1C9D293A050D00082F73 /* Controller */,
				856F1C9E293A053D00082F73 /* Data */,
				856F1C872936440F00082F73 /* AppDelegate.swift */,
				856F1C892936440F00082F73 /* SceneDelegate.swift */,
				856F1C8D2936440F00082F73 /* Main.storyboard */,
				856F1C902936441000082F73 /* Assets.xcassets */,
				856F1C922936441000082F73 /* LaunchScreen.storyboard */,
				856F1C952936441000082F73 /* Info.plist */,
			);
			path = KBTUDiplomaApp;
			sourceTree = "<group>";
		};
		856F1C9B293A04F700082F73 /* Model */ = {
			isa = PBXGroup;
			children = (
			);
			path = Model;
			sourceTree = "<group>";
		};
		856F1C9C293A050200082F73 /* Views */ = {
			isa = PBXGroup;
			children = (
				854720AA293E280800616DA2 /* NewsCell.swift */,
				854720AB293E280800616DA2 /* NewsCell.xib */,
			);
			path = Views;
			sourceTree = "<group>";
		};
		856F1C9D293A050D00082F73 /* Controller */ = {
			isa = PBXGroup;
			children = (
				854720B4293E3C6A00616DA2 /* HomeViewController.swift */,
				854720B72941469D00616DA2 /* FacultiesViewController.swift */,
				85BF9C8D29414D7700E7CFA9 /* FacultyDetailsVC.swift */,
				8574B19729416C9000BCB424 /* MapVC.swift */,
				8574B199294208A200BCB424 /* PricePDF.swift */,
				85DCDACA29470C4800945E71 /* TeachersVC.swift */,
				85DCDACC29475EA300945E71 /* MainVC.swift */,
				85A8994329476EB500718A0F /* TestVC.swift */,
				85392F76294A010F0084156E /* GetGrantVC.swift */,
				85392F7C294A07E80084156E /* GetPayment.swift */,
				854AE699294A0FB500C7A3C0 /* InfoVC.swift */,
				854AE69B294A128400C7A3C0 /* DMISVC.swift */,
				854AE69D294A14FA00C7A3C0 /* BachelourPrograms.swift */,
				854AE69F294A175500C7A3C0 /* DocumentsListVC.swift */,
				854AE6A3294A1B4200C7A3C0 /* OplataVC.swift */,
				854AE6A5294A1D9B00C7A3C0 /* HomeBankVideoVC.swift */,
				854AE6A9294F03F300C7A3C0 /* PerezachetVC.swift */,
				854AE6AD294F069A00C7A3C0 /* PerezachetInfoVC.swift */,
				854AE6AF294F07A000C7A3C0 /* KeletInfoVC.swift */,
				854AE6B1294F090600C7A3C0 /* KeletVC.swift */,
				854AE6B3294F187500C7A3C0 /* MapsList.swift */,
				854AE6B7294F1CB500C7A3C0 /* FirstFloorVC.swift */,
				851D59CF294F304100E1CD74 /* SecondFloorVC.swift */,
				851D59D1294F304A00E1CD74 /* ThirdFloorVC.swift */,
				851D59D3294F305400E1CD74 /* FourthFloorVC.swift */,
				851D59D5294F305D00E1CD74 /* FifthFloorVC.swift */,
				85F4CD14296B006B00A2D7EF /* KaspiVideo.swift */,
				85F4CD1A296C3AC000A2D7EF /* HomeBankVideo.swift */,
			);
			path = Controller;
			sourceTree = "<group>";
		};
		856F1C9E293A053D00082F73 /* Data */ = {
			isa = PBXGroup;
			children = (
				8503E8AE29462880007B67C9 /* price_kbtu_2022_2023.pdf */,
				854AE6AB294F052B00C7A3C0 /* pam_per_kbtu_5.pdf */,
				85F4CD12296AF52D00A2D7EF /* HomeBankScreen.png */,
				85F4CD1C296C3C0F00A2D7EF /* KaspiScreen.png */,
				854720A6293A312D00616DA2 /* Teachers.swift */,
				854720A4293A2CC100616DA2 /* RawNews.swift */,
				854720A8293A315E00616DA2 /* Faculties.swift */,
				85392F78294A018E0084156E /* GetGrantInfo.swift */,
				85392F7A294A06B20084156E /* GetPaymentInfo.swift */,
				854AE697294A0EDC00C7A3C0 /* Info.swift */,
				854AE6A1294A17C900C7A3C0 /* DocumentsList.swift */,
				854AE6B5294F1A2B00C7A3C0 /* Maps.swift */,
			);
			path = Data;
			sourceTree = "<group>";
		};
		85DCDAC029466D3200945E71 /* Table Cell */ = {
			isa = PBXGroup;
			children = (
				85DCDAC229466D7E00945E71 /* CollectionTableViewCell.swift */,
				85DCDAC329466D7E00945E71 /* CollectionTableViewCell.xib */,
			);
			path = "Table Cell";
			sourceTree = "<group>";
		};
		85DCDAC129466D3D00945E71 /* Collection Cell */ = {
			isa = PBXGroup;
			children = (
				85DCDAC629466DA000945E71 /* MyCollectionViewCell.swift */,
				85DCDAC729466DA000945E71 /* MyCollectionViewCell.xib */,
			);
			path = "Collection Cell";
			sourceTree = "<group>";
		};
/* End PBXGroup section */

/* Begin PBXNativeTarget section */
		856F1C832936440F00082F73 /* KBTUDiplomaApp */ = {
			isa = PBXNativeTarget;
			buildConfigurationList = 856F1C982936441000082F73 /* Build configuration list for PBXNativeTarget "KBTUDiplomaApp" */;
			buildPhases = (
				856F1C802936440F00082F73 /* Sources */,
				856F1C812936440F00082F73 /* Frameworks */,
				856F1C822936440F00082F73 /* Resources */,
			);
			buildRules = (
			);
			dependencies = (
			);
			name = KBTUDiplomaApp;
			productName = KBTUDiplomaApp;
			productReference = 856F1C842936440F00082F73 /* KBTUDiplomaApp.app */;
			productType = "com.apple.product-type.application";
		};
/* End PBXNativeTarget section */

/* Begin PBXProject section */
		856F1C7C2936440F00082F73 /* Project object */ = {
			isa = PBXProject;
			attributes = {
				BuildIndependentTargetsInParallel = 1;
				LastSwiftUpdateCheck = 1410;
				LastUpgradeCheck = 1410;
				TargetAttributes = {
					856F1C832936440F00082F73 = {
						CreatedOnToolsVersion = 14.1;
					};
				};
			};
			buildConfigurationList = 856F1C7F2936440F00082F73 /* Build configuration list for PBXProject "KBTUDiplomaApp" */;
			compatibilityVersion = "Xcode 14.0";
			developmentRegion = en;
			hasScannedForEncodings = 0;
			knownRegions = (
				en,
				Base,
			);
			mainGroup = 856F1C7B2936440F00082F73;
			productRefGroup = 856F1C852936440F00082F73 /* Products */;
			projectDirPath = "";
			projectRoot = "";
			targets = (
				856F1C832936440F00082F73 /* KBTUDiplomaApp */,
			);
		};
/* End PBXProject section */

/* Begin PBXResourcesBuildPhase section */
		856F1C822936440F00082F73 /* Resources */ = {
			isa = PBXResourcesBuildPhase;
			buildActionMask = 2147483647;
			files = (
				85F4CD18296C370D00A2D7EF /* Homebank.mp4 in Resources */,
				85F4CD19296C370D00A2D7EF /* Kaspi.kz.MP4 in Resources */,
				85F4CD1D296C3C0F00A2D7EF /* KaspiScreen.png in Resources */,
				856F1C942936441000082F73 /* LaunchScreen.storyboard in Resources */,
				85DCDAC929466DA000945E71 /* MyCollectionViewCell.xib in Resources */,
				85DCDAC529466D7E00945E71 /* CollectionTableViewCell.xib in Resources */,
				856F1C912936441000082F73 /* Assets.xcassets in Resources */,
				854720AD293E280800616DA2 /* NewsCell.xib in Resources */,
				856F1C8F2936440F00082F73 /* Main.storyboard in Resources */,
				8503E8AF29462880007B67C9 /* price_kbtu_2022_2023.pdf in Resources */,
				854AE6AC294F052B00C7A3C0 /* pam_per_kbtu_5.pdf in Resources */,
				85F4CD13296AF52D00A2D7EF /* HomeBankScreen.png in Resources */,
			);
			runOnlyForDeploymentPostprocessing = 0;
		};
/* End PBXResourcesBuildPhase section */

/* Begin PBXSourcesBuildPhase section */
		856F1C802936440F00082F73 /* Sources */ = {
			isa = PBXSourcesBuildPhase;
			buildActionMask = 2147483647;
			files = (
				854AE69E294A14FA00C7A3C0 /* BachelourPrograms.swift in Sources */,
				856F1C882936440F00082F73 /* AppDelegate.swift in Sources */,
				8574B19829416C9000BCB424 /* MapVC.swift in Sources */,
				851D59D4294F305400E1CD74 /* FourthFloorVC.swift in Sources */,
				854AE6AA294F03F300C7A3C0 /* PerezachetVC.swift in Sources */,
				854AE6A4294A1B4200C7A3C0 /* OplataVC.swift in Sources */,
				854AE6A6294A1D9B00C7A3C0 /* HomeBankVideoVC.swift in Sources */,
				854AE6B0294F07A000C7A3C0 /* KeletInfoVC.swift in Sources */,
				854AE6A2294A17C900C7A3C0 /* DocumentsList.swift in Sources */,
				854720B5293E3C6A00616DA2 /* HomeViewController.swift in Sources */,
				85F4CD15296B006B00A2D7EF /* KaspiVideo.swift in Sources */,
				854AE6B6294F1A2B00C7A3C0 /* Maps.swift in Sources */,
				85F4CD1B296C3AC000A2D7EF /* HomeBankVideo.swift in Sources */,
				854720A7293A312D00616DA2 /* Teachers.swift in Sources */,
				851D59D2294F304A00E1CD74 /* ThirdFloorVC.swift in Sources */,
				85DCDACB29470C4800945E71 /* TeachersVC.swift in Sources */,
				85DCDACD29475EA300945E71 /* MainVC.swift in Sources */,
				851D59D6294F305D00E1CD74 /* FifthFloorVC.swift in Sources */,
				854AE69A294A0FB500C7A3C0 /* InfoVC.swift in Sources */,
				85BF9C8E29414D7700E7CFA9 /* FacultyDetailsVC.swift in Sources */,
				8574B19A294208A200BCB424 /* PricePDF.swift in Sources */,
				85392F7B294A06B20084156E /* GetPaymentInfo.swift in Sources */,
				854720A5293A2CC100616DA2 /* RawNews.swift in Sources */,
				854AE6A0294A175500C7A3C0 /* DocumentsListVC.swift in Sources */,
				85392F77294A010F0084156E /* GetGrantVC.swift in Sources */,
				85A8994429476EB500718A0F /* TestVC.swift in Sources */,
				85DCDAC829466DA000945E71 /* MyCollectionViewCell.swift in Sources */,
				854720A9293A315E00616DA2 /* Faculties.swift in Sources */,
				854AE6B8294F1CB500C7A3C0 /* FirstFloorVC.swift in Sources */,
				854720AC293E280800616DA2 /* NewsCell.swift in Sources */,
				85392F7D294A07E90084156E /* GetPayment.swift in Sources */,
				854720B82941469D00616DA2 /* FacultiesViewController.swift in Sources */,
				85392F79294A018E0084156E /* GetGrantInfo.swift in Sources */,
				85DCDAC429466D7E00945E71 /* CollectionTableViewCell.swift in Sources */,
				854AE6AE294F069A00C7A3C0 /* PerezachetInfoVC.swift in Sources */,
				854AE69C294A128400C7A3C0 /* DMISVC.swift in Sources */,
				856F1C8A2936440F00082F73 /* SceneDelegate.swift in Sources */,
				854AE698294A0EDC00C7A3C0 /* Info.swift in Sources */,
				851D59D0294F304100E1CD74 /* SecondFloorVC.swift in Sources */,
				854AE6B4294F187500C7A3C0 /* MapsList.swift in Sources */,
				854AE6B2294F090600C7A3C0 /* KeletVC.swift in Sources */,
			);
			runOnlyForDeploymentPostprocessing = 0;
		};
/* End PBXSourcesBuildPhase section */

/* Begin PBXVariantGroup section */
		856F1C8D2936440F00082F73 /* Main.storyboard */ = {
			isa = PBXVariantGroup;
			children = (
				856F1C8E2936440F00082F73 /* Base */,
			);
			name = Main.storyboard;
			sourceTree = "<group>";
		};
		856F1C922936441000082F73 /* LaunchScreen.storyboard */ = {
			isa = PBXVariantGroup;
			children = (
				856F1C932936441000082F73 /* Base */,
			);
			name = LaunchScreen.storyboard;
			sourceTree = "<group>";
		};
/* End PBXVariantGroup section */

/* Begin XCBuildConfiguration section */
		856F1C962936441000082F73 /* Debug */ = {
			isa = XCBuildConfiguration;
			buildSettings = {
				ALWAYS_SEARCH_USER_PATHS = NO;
				CLANG_ANALYZER_NONNULL = YES;
				CLANG_ANALYZER_NUMBER_OBJECT_CONVERSION = YES_AGGRESSIVE;
				CLANG_CXX_LANGUAGE_STANDARD = "gnu++20";
				CLANG_ENABLE_MODULES = YES;
				CLANG_ENABLE_OBJC_ARC = YES;
				CLANG_ENABLE_OBJC_WEAK = YES;
				CLANG_WARN_BLOCK_CAPTURE_AUTORELEASING = YES;
				CLANG_WARN_BOOL_CONVERSION = YES;
				CLANG_WARN_COMMA = YES;
				CLANG_WARN_CONSTANT_CONVERSION = YES;
				CLANG_WARN_DEPRECATED_OBJC_IMPLEMENTATIONS = YES;
				CLANG_WARN_DIRECT_OBJC_ISA_USAGE = YES_ERROR;
				CLANG_WARN_DOCUMENTATION_COMMENTS = YES;
				CLANG_WARN_EMPTY_BODY = YES;
				CLANG_WARN_ENUM_CONVERSION = YES;
				CLANG_WARN_INFINITE_RECURSION = YES;
				CLANG_WARN_INT_CONVERSION = YES;
				CLANG_WARN_NON_LITERAL_NULL_CONVERSION = YES;
				CLANG_WARN_OBJC_IMPLICIT_RETAIN_SELF = YES;
				CLANG_WARN_OBJC_LITERAL_CONVERSION = YES;
				CLANG_WARN_OBJC_ROOT_CLASS = YES_ERROR;
				CLANG_WARN_QUOTED_INCLUDE_IN_FRAMEWORK_HEADER = YES;
				CLANG_WARN_RANGE_LOOP_ANALYSIS = YES;
				CLANG_WARN_STRICT_PROTOTYPES = YES;
				CLANG_WARN_SUSPICIOUS_MOVE = YES;
				CLANG_WARN_UNGUARDED_AVAILABILITY = YES_AGGRESSIVE;
				CLANG_WARN_UNREACHABLE_CODE = YES;
				CLANG_WARN__DUPLICATE_METHOD_MATCH = YES;
				COPY_PHASE_STRIP = NO;
				DEBUG_INFORMATION_FORMAT = dwarf;
				ENABLE_STRICT_OBJC_MSGSEND = YES;
				ENABLE_TESTABILITY = YES;
				GCC_C_LANGUAGE_STANDARD = gnu11;
				GCC_DYNAMIC_NO_PIC = NO;
				GCC_NO_COMMON_BLOCKS = YES;
				GCC_OPTIMIZATION_LEVEL = 0;
				GCC_PREPROCESSOR_DEFINITIONS = (
					"DEBUG=1",
					"$(inherited)",
				);
				GCC_WARN_64_TO_32_BIT_CONVERSION = YES;
				GCC_WARN_ABOUT_RETURN_TYPE = YES_ERROR;
				GCC_WARN_UNDECLARED_SELECTOR = YES;
				GCC_WARN_UNINITIALIZED_AUTOS = YES_AGGRESSIVE;
				GCC_WARN_UNUSED_FUNCTION = YES;
				GCC_WARN_UNUSED_VARIABLE = YES;
				IPHONEOS_DEPLOYMENT_TARGET = 16.1;
				MTL_ENABLE_DEBUG_INFO = INCLUDE_SOURCE;
				MTL_FAST_MATH = YES;
				ONLY_ACTIVE_ARCH = YES;
				SDKROOT = iphoneos;
				SWIFT_ACTIVE_COMPILATION_CONDITIONS = DEBUG;
				SWIFT_OPTIMIZATION_LEVEL = "-Onone";
			};
			name = Debug;
		};
		856F1C972936441000082F73 /* Release */ = {
			isa = XCBuildConfiguration;
			buildSettings = {
				ALWAYS_SEARCH_USER_PATHS = NO;
				CLANG_ANALYZER_NONNULL = YES;
				CLANG_ANALYZER_NUMBER_OBJECT_CONVERSION = YES_AGGRESSIVE;
				CLANG_CXX_LANGUAGE_STANDARD = "gnu++20";
				CLANG_ENABLE_MODULES = YES;
				CLANG_ENABLE_OBJC_ARC = YES;
				CLANG_ENABLE_OBJC_WEAK = YES;
				CLANG_WARN_BLOCK_CAPTURE_AUTORELEASING = YES;
				CLANG_WARN_BOOL_CONVERSION = YES;
				CLANG_WARN_COMMA = YES;
				CLANG_WARN_CONSTANT_CONVERSION = YES;
				CLANG_WARN_DEPRECATED_OBJC_IMPLEMENTATIONS = YES;
				CLANG_WARN_DIRECT_OBJC_ISA_USAGE = YES_ERROR;
				CLANG_WARN_DOCUMENTATION_COMMENTS = YES;
				CLANG_WARN_EMPTY_BODY = YES;
				CLANG_WARN_ENUM_CONVERSION = YES;
				CLANG_WARN_INFINITE_RECURSION = YES;
				CLANG_WARN_INT_CONVERSION = YES;
				CLANG_WARN_NON_LITERAL_NULL_CONVERSION = YES;
				CLANG_WARN_OBJC_IMPLICIT_RETAIN_SELF = YES;
				CLANG_WARN_OBJC_LITERAL_CONVERSION = YES;
				CLANG_WARN_OBJC_ROOT_CLASS = YES_ERROR;
				CLANG_WARN_QUOTED_INCLUDE_IN_FRAMEWORK_HEADER = YES;
				CLANG_WARN_RANGE_LOOP_ANALYSIS = YES;
				CLANG_WARN_STRICT_PROTOTYPES = YES;
				CLANG_WARN_SUSPICIOUS_MOVE = YES;
				CLANG_WARN_UNGUARDED_AVAILABILITY = YES_AGGRESSIVE;
				CLANG_WARN_UNREACHABLE_CODE = YES;
				CLANG_WARN__DUPLICATE_METHOD_MATCH = YES;
				COPY_PHASE_STRIP = NO;
				DEBUG_INFORMATION_FORMAT = "dwarf-with-dsym";
				ENABLE_NS_ASSERTIONS = NO;
				ENABLE_STRICT_OBJC_MSGSEND = YES;
				GCC_C_LANGUAGE_STANDARD = gnu11;
				GCC_NO_COMMON_BLOCKS = YES;
				GCC_WARN_64_TO_32_BIT_CONVERSION = YES;
				GCC_WARN_ABOUT_RETURN_TYPE = YES_ERROR;
				GCC_WARN_UNDECLARED_SELECTOR = YES;
				GCC_WARN_UNINITIALIZED_AUTOS = YES_AGGRESSIVE;
				GCC_WARN_UNUSED_FUNCTION = YES;
				GCC_WARN_UNUSED_VARIABLE = YES;
				IPHONEOS_DEPLOYMENT_TARGET = 16.1;
				MTL_ENABLE_DEBUG_INFO = NO;
				MTL_FAST_MATH = YES;
				SDKROOT = iphoneos;
				SWIFT_COMPILATION_MODE = wholemodule;
				SWIFT_OPTIMIZATION_LEVEL = "-O";
				VALIDATE_PRODUCT = YES;
			};
			name = Release;
		};
		856F1C992936441000082F73 /* Debug */ = {
			isa = XCBuildConfiguration;
			buildSettings = {
				ASSETCATALOG_COMPILER_APPICON_NAME = AppIcon;
				ASSETCATALOG_COMPILER_GLOBAL_ACCENT_COLOR_NAME = AccentColor;
				CODE_SIGN_STYLE = Automatic;
				CURRENT_PROJECT_VERSION = 1;
				DEVELOPMENT_TEAM = J469L39645;
				GENERATE_INFOPLIST_FILE = YES;
				INFOPLIST_FILE = KBTUDiplomaApp/Info.plist;
				INFOPLIST_KEY_UIApplicationSupportsIndirectInputEvents = YES;
				INFOPLIST_KEY_UILaunchStoryboardName = LaunchScreen;
				INFOPLIST_KEY_UIMainStoryboardFile = Main;
				INFOPLIST_KEY_UISupportedInterfaceOrientations_iPad = "UIInterfaceOrientationPortrait UIInterfaceOrientationPortraitUpsideDown UIInterfaceOrientationLandscapeLeft UIInterfaceOrientationLandscapeRight";
				INFOPLIST_KEY_UISupportedInterfaceOrientations_iPhone = "UIInterfaceOrientationPortrait UIInterfaceOrientationLandscapeLeft UIInterfaceOrientationLandscapeRight";
				LD_RUNPATH_SEARCH_PATHS = (
					"$(inherited)",
					"@executable_path/Frameworks",
				);
				MARKETING_VERSION = 1.0;
				PRODUCT_BUNDLE_IDENTIFIER = edu.self.KBTUDiplomaApp;
				PRODUCT_NAME = "$(TARGET_NAME)";
				SWIFT_EMIT_LOC_STRINGS = YES;
				SWIFT_VERSION = 5.0;
				TARGETED_DEVICE_FAMILY = "1,2";
			};
			name = Debug;
		};
		856F1C9A2936441000082F73 /* Release */ = {
			isa = XCBuildConfiguration;
			buildSettings = {
				ASSETCATALOG_COMPILER_APPICON_NAME = AppIcon;
				ASSETCATALOG_COMPILER_GLOBAL_ACCENT_COLOR_NAME = AccentColor;
				CODE_SIGN_STYLE = Automatic;
				CURRENT_PROJECT_VERSION = 1;
				DEVELOPMENT_TEAM = J469L39645;
				GENERATE_INFOPLIST_FILE = YES;
				INFOPLIST_FILE = KBTUDiplomaApp/Info.plist;
				INFOPLIST_KEY_UIApplicationSupportsIndirectInputEvents = YES;
				INFOPLIST_KEY_UILaunchStoryboardName = LaunchScreen;
				INFOPLIST_KEY_UIMainStoryboardFile = Main;
				INFOPLIST_KEY_UISupportedInterfaceOrientations_iPad = "UIInterfaceOrientationPortrait UIInterfaceOrientationPortraitUpsideDown UIInterfaceOrientationLandscapeLeft UIInterfaceOrientationLandscapeRight";
				INFOPLIST_KEY_UISupportedInterfaceOrientations_iPhone = "UIInterfaceOrientationPortrait UIInterfaceOrientationLandscapeLeft UIInterfaceOrientationLandscapeRight";
				LD_RUNPATH_SEARCH_PATHS = (
					"$(inherited)",
					"@executable_path/Frameworks",
				);
				MARKETING_VERSION = 1.0;
				PRODUCT_BUNDLE_IDENTIFIER = edu.self.KBTUDiplomaApp;
				PRODUCT_NAME = "$(TARGET_NAME)";
				SWIFT_EMIT_LOC_STRINGS = YES;
				SWIFT_VERSION = 5.0;
				TARGETED_DEVICE_FAMILY = "1,2";
			};
			name = Release;
		};
/* End XCBuildConfiguration section */

/* Begin XCConfigurationList section */
		856F1C7F2936440F00082F73 /* Build configuration list for PBXProject "KBTUDiplomaApp" */ = {
			isa = XCConfigurationList;
			buildConfigurations = (
				856F1C962936441000082F73 /* Debug */,
				856F1C972936441000082F73 /* Release */,
			);
			defaultConfigurationIsVisible = 0;
			defaultConfigurationName = Release;
		};
		856F1C982936441000082F73 /* Build configuration list for PBXNativeTarget "KBTUDiplomaApp" */ = {
			isa = XCConfigurationList;
			buildConfigurations = (
				856F1C992936441000082F73 /* Debug */,
				856F1C9A2936441000082F73 /* Release */,
			);
			defaultConfigurationIsVisible = 0;
			defaultConfigurationName = Release;
		};
/* End XCConfigurationList section */
	};
	rootObject = 856F1C7C2936440F00082F73 /* Project object */;
}
